{
	"name": "pg-diff-cli",
	"version": "2.4.2",
	"lockfileVersion": 3,
	"requires": true,
	"packages": {
		"": {
			"name": "pg-diff-cli",
			"version": "2.4.2",
			"license": "MIT",
			"dependencies": {
				"chalk": "4.1.0",
				"clui": "0.3.6",
				"figlet": "1.5.0",
				"pg-diff-api": "file:/../pg-diff-api/src"
			},
			"bin": {
				"pg-diff": "main.js"
			},
			"engines": {
				"node": ">=8.11.1"
			}
		},
		"../pg-diff-api/src": {},
		"node_modules/ansi-styles": {
			"version": "4.3.0",
			"resolved": "https://registry.npmjs.org/ansi-styles/-/ansi-styles-4.3.0.tgz",
			"integrity": "sha512-zbB9rCJAT1rbjiVDb2hqKFHNYLxgtk8NURxZ3IZwD3F6NtxbXZQCnnSi1Lkx+IDohdPlFp222wVALIheZJQSEg==",
			"dependencies": {
				"color-convert": "^2.0.1"
			},
			"engines": {
				"node": ">=8"
			},
			"funding": {
				"url": "https://github.com/chalk/ansi-styles?sponsor=1"
			}
		},
		"node_modules/chalk": {
			"version": "4.1.0",
			"resolved": "https://registry.npmjs.org/chalk/-/chalk-4.1.0.tgz",
			"integrity": "sha512-qwx12AxXe2Q5xQ43Ac//I6v5aXTipYrSESdOgzrN+9XjgEpyjpKuvSGaN4qE93f7TQTlerQQ8S+EQ0EyDoVL1A==",
			"dependencies": {
				"ansi-styles": "^4.1.0",
				"supports-color": "^7.1.0"
			},
			"engines": {
				"node": ">=10"
			},
			"funding": {
				"url": "https://github.com/chalk/chalk?sponsor=1"
			}
		},
		"node_modules/cli-color": {
			"version": "0.3.2",
			"resolved": "https://registry.npmjs.org/cli-color/-/cli-color-0.3.2.tgz",
			"integrity": "sha512-Ys/nDhHNRcxrS4EUI2RS/QCUE+61AMuEOj3sWDX+EIHkJWj+4XkRbOdwdxJteAJKjXYBbeFJMtfaEPd1MBF9pQ==",
			"dependencies": {
				"d": "~0.1.1",
				"es5-ext": "~0.10.2",
				"memoizee": "0.3.x",
				"timers-ext": "0.1.x"
			}
		},
		"node_modules/clui": {
			"version": "0.3.6",
			"resolved": "https://registry.npmjs.org/clui/-/clui-0.3.6.tgz",
			"integrity": "sha512-Z4UbgZILlIAjkEkZiDOa2aoYjohKx7fa6DxIh6cE9A6WNWZ61iXfQc6CmdC9SKdS5nO0P0UyQ+WfoXfB65e3HQ==",
			"dependencies": {
				"cli-color": "0.3.2"
			}
		},
		"node_modules/color-convert": {
			"version": "2.0.1",
			"resolved": "https://registry.npmjs.org/color-convert/-/color-convert-2.0.1.tgz",
			"integrity": "sha512-RRECPsj7iu/xb5oKYcsFHSppFNnsj/52OVTRKb4zP5onXwVF3zVmmToNcOfGC+CRDpfK/U584fMg38ZHCaElKQ==",
			"dependencies": {
				"color-name": "~1.1.4"
			},
			"engines": {
				"node": ">=7.0.0"
			}
		},
		"node_modules/color-name": {
			"version": "1.1.4",
			"resolved": "https://registry.npmjs.org/color-name/-/color-name-1.1.4.tgz",
			"integrity": "sha512-dOy+3AuW3a2wNbZHIuMZpTcgjGuLU/uBL/ubcZF9OXbDo8ff4O8yVp5Bf0efS8uEoYo5q4Fx7dY9OgQGXgAsQA=="
		},
		"node_modules/d": {
			"version": "0.1.1",
			"resolved": "https://registry.npmjs.org/d/-/d-0.1.1.tgz",
			"integrity": "sha512-0SdM9V9pd/OXJHoWmTfNPTAeD+lw6ZqHg+isPyBFuJsZLSE0Ygg1cYZ/0l6DrKQXMOqGOu1oWupMoOfoRfMZrQ==",
			"dependencies": {
				"es5-ext": "~0.10.2"
			}
		},
		"node_modules/es5-ext": {
			"version": "0.10.62",
			"resolved": "https://registry.npmjs.org/es5-ext/-/es5-ext-0.10.62.tgz",
			"integrity": "sha512-BHLqn0klhEpnOKSrzn/Xsz2UIW8j+cGmo9JLzr8BiUapV8hPL9+FliFqjwr9ngW7jWdnxv6eO+/LqyhJVqgrjA==",
			"hasInstallScript": true,
			"dependencies": {
				"es6-iterator": "^2.0.3",
				"es6-symbol": "^3.1.3",
				"next-tick": "^1.1.0"
			},
			"engines": {
				"node": ">=0.10"
			}
		},
		"node_modules/es6-iterator": {
			"version": "2.0.3",
			"resolved": "https://registry.npmjs.org/es6-iterator/-/es6-iterator-2.0.3.tgz",
			"integrity": "sha512-zw4SRzoUkd+cl+ZoE15A9o1oQd920Bb0iOJMQkQhl3jNc03YqVjAhG7scf9C5KWRU/R13Orf588uCC6525o02g==",
			"dependencies": {
				"d": "1",
				"es5-ext": "^0.10.35",
				"es6-symbol": "^3.1.1"
			}
		},
		"node_modules/es6-iterator/node_modules/d": {
			"version": "1.0.1",
			"resolved": "https://registry.npmjs.org/d/-/d-1.0.1.tgz",
			"integrity": "sha512-m62ShEObQ39CfralilEQRjH6oAMtNCV1xJyEx5LpRYUVN+EviphDgUc/F3hnYbADmkiNs67Y+3ylmlG7Lnu+FA==",
			"dependencies": {
				"es5-ext": "^0.10.50",
				"type": "^1.0.1"
			}
		},
		"node_modules/es6-iterator/node_modules/type": {
			"version": "1.2.0",
			"resolved": "https://registry.npmjs.org/type/-/type-1.2.0.tgz",
			"integrity": "sha512-+5nt5AAniqsCnu2cEQQdpzCAh33kVx8n0VoFidKpB1dVVLAN/F+bgVOqOJqOnEnrhp222clB5p3vUlD+1QAnfg=="
		},
		"node_modules/es6-symbol": {
			"version": "3.1.3",
			"resolved": "https://registry.npmjs.org/es6-symbol/-/es6-symbol-3.1.3.tgz",
			"integrity": "sha512-NJ6Yn3FuDinBaBRWl/q5X/s4koRHBrgKAu+yGI6JCBeiu3qrcbJhwT2GeR/EXVfylRk8dpQVJoLEFhK+Mu31NA==",
			"dependencies": {
				"d": "^1.0.1",
				"ext": "^1.1.2"
			}
		},
		"node_modules/es6-symbol/node_modules/d": {
			"version": "1.0.1",
			"resolved": "https://registry.npmjs.org/d/-/d-1.0.1.tgz",
			"integrity": "sha512-m62ShEObQ39CfralilEQRjH6oAMtNCV1xJyEx5LpRYUVN+EviphDgUc/F3hnYbADmkiNs67Y+3ylmlG7Lnu+FA==",
			"dependencies": {
				"es5-ext": "^0.10.50",
				"type": "^1.0.1"
			}
		},
		"node_modules/es6-symbol/node_modules/type": {
			"version": "1.2.0",
			"resolved": "https://registry.npmjs.org/type/-/type-1.2.0.tgz",
			"integrity": "sha512-+5nt5AAniqsCnu2cEQQdpzCAh33kVx8n0VoFidKpB1dVVLAN/F+bgVOqOJqOnEnrhp222clB5p3vUlD+1QAnfg=="
		},
		"node_modules/es6-weak-map": {
			"version": "0.1.4",
			"resolved": "https://registry.npmjs.org/es6-weak-map/-/es6-weak-map-0.1.4.tgz",
			"integrity": "sha512-P+N5Cd2TXeb7G59euFiM7snORspgbInS29Nbf3KNO2JQp/DyhvMCDWd58nsVAXwYJ6W3Bx7qDdy6QQ3PCJ7jKQ==",
			"dependencies": {
				"d": "~0.1.1",
				"es5-ext": "~0.10.6",
				"es6-iterator": "~0.1.3",
				"es6-symbol": "~2.0.1"
			}
		},
		"node_modules/es6-weak-map/node_modules/es6-iterator": {
			"version": "0.1.3",
			"resolved": "https://registry.npmjs.org/es6-iterator/-/es6-iterator-0.1.3.tgz",
			"integrity": "sha512-6TOmbFM6OPWkTe+bQ3ZuUkvqcWUjAnYjKUCLdbvRsAUz2Pr+fYIibwNXNkLNtIK9PPFbNMZZddaRNkyJhlGJhA==",
			"dependencies": {
				"d": "~0.1.1",
				"es5-ext": "~0.10.5",
				"es6-symbol": "~2.0.1"
			}
		},
		"node_modules/es6-weak-map/node_modules/es6-symbol": {
			"version": "2.0.1",
			"resolved": "https://registry.npmjs.org/es6-symbol/-/es6-symbol-2.0.1.tgz",
			"integrity": "sha512-wjobO4zO8726HVU7mI2OA/B6QszqwHJuKab7gKHVx+uRfVVYGcWJkCIFxV2Madqb9/RUSrhJ/r6hPfG7FsWtow==",
			"dependencies": {
				"d": "~0.1.1",
				"es5-ext": "~0.10.5"
			}
		},
		"node_modules/event-emitter": {
			"version": "0.3.5",
			"resolved": "https://registry.npmjs.org/event-emitter/-/event-emitter-0.3.5.tgz",
			"integrity": "sha512-D9rRn9y7kLPnJ+hMq7S/nhvoKwwvVJahBi2BPmx3bvbsEdK3W9ii8cBSGjP+72/LnM4n6fo3+dkCX5FeTQruXA==",
			"dependencies": {
				"d": "1",
				"es5-ext": "~0.10.14"
			}
		},
		"node_modules/event-emitter/node_modules/d": {
			"version": "1.0.1",
			"resolved": "https://registry.npmjs.org/d/-/d-1.0.1.tgz",
			"integrity": "sha512-m62ShEObQ39CfralilEQRjH6oAMtNCV1xJyEx5LpRYUVN+EviphDgUc/F3hnYbADmkiNs67Y+3ylmlG7Lnu+FA==",
			"dependencies": {
				"es5-ext": "^0.10.50",
				"type": "^1.0.1"
			}
		},
		"node_modules/event-emitter/node_modules/type": {
			"version": "1.2.0",
			"resolved": "https://registry.npmjs.org/type/-/type-1.2.0.tgz",
			"integrity": "sha512-+5nt5AAniqsCnu2cEQQdpzCAh33kVx8n0VoFidKpB1dVVLAN/F+bgVOqOJqOnEnrhp222clB5p3vUlD+1QAnfg=="
		},
		"node_modules/ext": {
			"version": "1.7.0",
			"resolved": "https://registry.npmjs.org/ext/-/ext-1.7.0.tgz",
			"integrity": "sha512-6hxeJYaL110a9b5TEJSj0gojyHQAmA2ch5Os+ySCiA1QGdS697XWY1pzsrSjqA9LDEEgdB/KypIlR59RcLuHYw==",
			"dependencies": {
				"type": "^2.7.2"
			}
		},
		"node_modules/figlet": {
			"version": "1.5.0",
			"resolved": "https://registry.npmjs.org/figlet/-/figlet-1.5.0.tgz",
			"integrity": "sha512-ZQJM4aifMpz6H19AW1VqvZ7l4pOE9p7i/3LyxgO2kp+PO/VcDYNqIHEMtkccqIhTXMKci4kjueJr/iCQEaT/Ww==",
			"engines": {
				"node": ">= 0.4.0"
			}
		},
		"node_modules/has-flag": {
			"version": "4.0.0",
			"resolved": "https://registry.npmjs.org/has-flag/-/has-flag-4.0.0.tgz",
			"integrity": "sha512-EykJT/Q1KjTWctppgIAgfSO0tKVuZUjhgMr17kqTumMl6Afv3EISleU7qZUzoXDFTAHTDC4NOoG/ZxU3EvlMPQ==",
			"engines": {
				"node": ">=8"
			}
		},
		"node_modules/lru-queue": {
			"version": "0.1.0",
			"resolved": "https://registry.npmjs.org/lru-queue/-/lru-queue-0.1.0.tgz",
			"integrity": "sha512-BpdYkt9EvGl8OfWHDQPISVpcl5xZthb+XPsbELj5AQXxIC8IriDZIQYjBJPEm5rS420sjZ0TLEzRcq5KdBhYrQ==",
			"dependencies": {
				"es5-ext": "~0.10.2"
			}
		},
		"node_modules/memoizee": {
			"version": "0.3.10",
			"resolved": "https://registry.npmjs.org/memoizee/-/memoizee-0.3.10.tgz",
			"integrity": "sha512-LLzVUuWwGBKK188spgOK/ukrp5zvd9JGsiLDH41pH9vt5jvhZfsu5pxDuAnYAMG8YEGce72KO07sSBy9KkvOfw==",
			"dependencies": {
				"d": "~0.1.1",
				"es5-ext": "~0.10.11",
				"es6-weak-map": "~0.1.4",
				"event-emitter": "~0.3.4",
				"lru-queue": "0.1",
				"next-tick": "~0.2.2",
				"timers-ext": "0.1"
			}
		},
		"node_modules/memoizee/node_modules/next-tick": {
			"version": "0.2.2",
			"resolved": "https://registry.npmjs.org/next-tick/-/next-tick-0.2.2.tgz",
			"integrity": "sha512-f7h4svPtl+QidoBv4taKXUjJ70G2asaZ8G28nS0OkqaalX8dwwrtWtyxEDPK62AC00ur/+/E0pUwBwY5EPn15Q=="
		},
		"node_modules/next-tick": {
			"version": "1.1.0",
			"resolved": "https://registry.npmjs.org/next-tick/-/next-tick-1.1.0.tgz",
			"integrity": "sha512-CXdUiJembsNjuToQvxayPZF9Vqht7hewsvy2sOWafLvi2awflj9mOC6bHIg50orX8IJvWKY9wYQ/zB2kogPslQ=="
		},
		"node_modules/pg-diff-api": {
			"resolved": "../pg-diff-api/src",
			"link": true
		},
		"node_modules/supports-color": {
			"version": "7.2.0",
			"resolved": "https://registry.npmjs.org/supports-color/-/supports-color-7.2.0.tgz",
			"integrity": "sha512-qpCAvRl9stuOHveKsn7HncJRvv501qIacKzQlO/+Lwxc9+0q2wLyv4Dfvt80/DPn2pqOBsJdDiogXGR9+OvwRw==",
			"dependencies": {
				"has-flag": "^4.0.0"
			},
			"engines": {
				"node": ">=8"
			}
		},
		"node_modules/timers-ext": {
			"version": "0.1.7",
			"resolved": "https://registry.npmjs.org/timers-ext/-/timers-ext-0.1.7.tgz",
			"integrity": "sha512-b85NUNzTSdodShTIbky6ZF02e8STtVVfD+fu4aXXShEELpozH+bCpJLYMPZbsABN2wDH7fJpqIoXxJpzbf0NqQ==",
			"dependencies": {
				"es5-ext": "~0.10.46",
				"next-tick": "1"
			}
		},
		"node_modules/type": {
			"version": "2.7.2",
			"resolved": "https://registry.npmjs.org/type/-/type-2.7.2.tgz",
			"integrity": "sha512-dzlvlNlt6AXU7EBSfpAscydQ7gXB+pPGsPnfJnZpiNJBDj7IaJzQlBZYGdEi4R9HmPdBv2XmWJ6YUtoTa7lmCw=="
		}
	}
}
